
Microsoft Visual Studio Solution File, Format Version 12.00
# Visual Studio Version 17
VisualStudioVersion = 17.8.34525.116
MinimumVisualStudioVersion = 10.0.40219.1
Project("{FAE04EC0-301F-11D3-BF4B-00C04F79EFBC}") = "BowlingFun", "BowlingFun.csproj", "{A6CBF68D-780D-451D-BAD3-638F58B02EB1}"
EndProject
Global
	GlobalSection(SolutionConfigurationPlatforms) = preSolution
		Debug|Any CPU = Debug|Any CPU
		Release|Any CPU = Release|Any CPU
	EndGlobalSection
	GlobalSection(ProjectConfigurationPlatforms) = postSolution
		{A6CBF68D-780D-451D-BAD3-638F58B02EB1}.Debug|Any CPU.ActiveCfg = Debug|Any CPU
		{A6CBF68D-780D-451D-BAD3-638F58B02EB1}.Debug|Any CPU.Build.0 = Debug|Any CPU
		{A6CBF68D-780D-451D-BAD3-638F58B02EB1}.Release|Any CPU.ActiveCfg = Release|Any CPU
		{A6CBF68D-780D-451D-BAD3-638F58B02EB1}.Release|Any CPU.Build.0 = Release|Any CPU
	EndGlobalSection
	GlobalSection(SolutionProperties) = preSolution
		HideSolutionNode = FALSE
	EndGlobalSection
	GlobalSection(ExtensibilityGlobals) = postSolution
		SolutionGuid = {4E8BC9A1-00EB-4319-9286-5D8AF9386BC1}
	EndGlobalSection
EndGlobal
